
Microsoft Visual Studio Solution File, Format Version 12.00
# Visual Studio Version 16
VisualStudioVersion = 16.0.31624.102
MinimumVisualStudioVersion = 10.0.40219.1
Project("{FAE04EC0-301F-11D3-BF4B-00C04F79EFBC}") = "LabelTranslator", "LabelTranslator.csproj", "{14C8C2BA-922A-4338-BA64-934F865D16A8}"
EndProject
Global
	GlobalSection(SolutionConfigurationPlatforms) = preSolution
		Debug|Any CPU = Debug|Any CPU
		Release|Any CPU = Release|Any CPU
	EndGlobalSection
	GlobalSection(ProjectConfigurationPlatforms) = postSolution
		{14C8C2BA-922A-4338-BA64-934F865D16A8}.Debug|Any CPU.ActiveCfg = Debug|Any CPU
		{14C8C2BA-922A-4338-BA64-934F865D16A8}.Debug|Any CPU.Build.0 = Debug|Any CPU
		{14C8C2BA-922A-4338-BA64-934F865D16A8}.Release|Any CPU.ActiveCfg = Release|Any CPU
		{14C8C2BA-922A-4338-BA64-934F865D16A8}.Release|Any CPU.Build.0 = Release|Any CPU
	EndGlobalSection
	GlobalSection(SolutionProperties) = preSolution
		HideSolutionNode = FALSE
	EndGlobalSection
	GlobalSection(ExtensibilityGlobals) = postSolution
		SolutionGuid = {E2E721A0-1632-48CA-A509-46247BBEC82E}
	EndGlobalSection
EndGlobal
